<?xml version="1.0" encoding="utf-8"?>
<Project ToolsVersion="4.0" xmlns="http://schemas.microsoft.com/developer/msbuild/2003">
  <ItemGroup>
    <Filter Include="Source Files">
      <UniqueIdentifier>{4FC737F1-C7A5-4376-A066-2A32D752A2FF}</UniqueIdentifier>
      <Extensions>cpp;c;cc;cxx;def;odl;idl;hpj;bat;asm;asmx</Extensions>
    </Filter>
    <Filter Include="Header Files">
      <UniqueIdentifier>{93995380-89BD-4b04-88EB-625FBE52EBFB}</UniqueIdentifier>
      <Extensions>h;hh;hpp;hxx;hm;inl;inc;ipp;xsd</Extensions>
    </Filter>
    <Filter Include="Resource Files">
      <UniqueIdentifier>{67DA6AB6-F800-4c08-8B7A-83BB121AAD01}</UniqueIdentifier>
      <Extensions>rc;ico;cur;bmp;dlg;rc2;rct;bin;rgs;gif;jpg;jpeg;jpe;resx;tiff;tif;png;wav;mfcribbon-ms</Extensions>
    </Filter>
  </ItemGroup>
  <ItemGroup>
    <ClCompile Include="main.cpp">
      <Filter>Source Files</Filter>
    </ClCompile>
    <ClCompile Include="states\gamestate.cpp">
      <Filter>Source Files</Filter>
    </ClCompile>
    <ClCompile Include="states\menustate.cpp">
      <Filter>Source Files</Filter>
    </ClCompile>
    <ClCompile Include="states\state.cpp">
      <Filter>Source Files</Filter>
    </ClCompile>
    <ClCompile Include="chest.cpp">
      <Filter>Source Files</Filter>
    </ClCompile>
    <ClCompile Include="Resource Files\animation.cpp">
      <Filter>Source Files</Filter>
    </ClCompile>
    <ClCompile Include="Resource Files\button.cpp">
      <Filter>Source Files</Filter>
    </ClCompile>
    <ClCompile Include="Resource Files\projectile.cpp">
      <Filter>Source Files</Filter>
    </ClCompile>
    <ClCompile Include="inventory\inventory.cpp">
      <Filter>Source Files</Filter>
    </ClCompile>
    <ClCompile Include="inventory\inventoryslot.cpp">
      <Filter>Source Files</Filter>
    </ClCompile>
    <ClCompile Include="entities\monster.cpp">
      <Filter>Source Files</Filter>
    </ClCompile>
    <ClCompile Include="entities\monsterCave.cpp">
      <Filter>Source Files</Filter>
    </ClCompile>
    <ClCompile Include="entities\player.cpp">
      <Filter>Source Files</Filter>
    </ClCompile>
    <ClCompile Include="door.cpp">
      <Filter>Source Files</Filter>
    </ClCompile>
    <ClCompile Include="game.cpp">
      <Filter>Source Files</Filter>
    </ClCompile>
    <ClCompile Include="pausemenu.cpp">
      <Filter>Source Files</Filter>
    </ClCompile>
    <ClCompile Include="hud.cpp">
      <Filter>Source Files</Filter>
    </ClCompile>
    <ClCompile Include="deathwindow.cpp">
      <Filter>Source Files</Filter>
    </ClCompile>
    <ClCompile Include="victorywindow.cpp">
      <Filter>Source Files</Filter>
    </ClCompile>
  </ItemGroup>
  <ItemGroup>
    <ClInclude Include="states\gamestate.h">
      <Filter>Header Files</Filter>
    </ClInclude>
    <ClInclude Include="states\menustate.h">
      <Filter>Header Files</Filter>
    </ClInclude>
    <ClInclude Include="states\state.h">
      <Filter>Header Files</Filter>
    </ClInclude>
    <ClInclude Include="chest.h">
      <Filter>Header Files</Filter>
    </ClInclude>
    <ClInclude Include="Resource Files\animation.h">
      <Filter>Header Files</Filter>
    </ClInclude>
    <ClInclude Include="Resource Files\button.h">
      <Filter>Header Files</Filter>
    </ClInclude>
    <ClInclude Include="Resource Files\projectile.h">
      <Filter>Header Files</Filter>
    </ClInclude>
    <ClInclude Include="inventory\inventory.h">
      <Filter>Header Files</Filter>
    </ClInclude>
    <ClInclude Include="inventory\inventoryslot.h">
      <Filter>Header Files</Filter>
    </ClInclude>
    <ClInclude Include="Header Files\collider.h">
      <Filter>Header Files</Filter>
    </ClInclude>
    <ClInclude Include="Header Files\map.h">
      <Filter>Header Files</Filter>
    </ClInclude>
    <ClInclude Include="entities\monster.h">
      <Filter>Header Files</Filter>
    </ClInclude>
    <ClInclude Include="entities\monsterCave.h">
      <Filter>Header Files</Filter>
    </ClInclude>
    <ClInclude Include="entities\player.h">
      <Filter>Header Files</Filter>
    </ClInclude>
    <ClInclude Include="door.h">
      <Filter>Header Files</Filter>
    </ClInclude>
    <ClInclude Include="game.h">
      <Filter>Header Files</Filter>
    </ClInclude>
    <ClInclude Include="pausemenu.h">
      <Filter>Header Files</Filter>
    </ClInclude>
    <ClInclude Include="Header Files\fight.h">
      <Filter>Header Files</Filter>
    </ClInclude>
    <ClInclude Include="hud.h">
      <Filter>Header Files</Filter>
    </ClInclude>
    <ClInclude Include="deathwindow.h">
      <Filter>Header Files</Filter>
    </ClInclude>
    <ClInclude Include="victorywindow.h">
      <Filter>Header Files</Filter>
    </ClInclude>
    <ClInclude Include="Resource Files\level.h">
      <Filter>Header Files</Filter>
    </ClInclude>
  </ItemGroup>
  <ItemGroup>
    <Font Include="Resource Files\fonts\akira.otf" />
    <Font Include="Resource Files\fonts\orange.ttf" />
    <Font Include="Resource Files\fonts\whitefont.otf" />
  </ItemGroup>
  <ItemGroup>
    <None Include="Resource Files\music\combatmusic.ogg" />
    <None Include="Resource Files\music\footstep1.ogg" />
    <None Include="Resource Files\music\footstep2.ogg" />
    <None Include="Resource Files\music\footsteps.ogg" />
    <None Include="Resource Files\music\piu.ogg" />
    <None Include="Resource Files\music\projectmusic.ogg" />
  </ItemGroup>
</Project>